
Microsoft Visual Studio Solution File, Format Version 12.00
# Visual Studio Version 16
VisualStudioVersion = 16.0.31129.286
MinimumVisualStudioVersion = 10.0.40219.1
Project("{FAE04EC0-301F-11D3-BF4B-00C04F79EFBC}") = "GetAdDecodedPassword", "GetAdDecodedPassword.csproj", "{CDC641E4-32DC-40D1-8E1D-0A012D6AAA56}"
EndProject
Global
	GlobalSection(SolutionConfigurationPlatforms) = preSolution
		Debug|Any CPU = Debug|Any CPU
		Release|Any CPU = Release|Any CPU
	EndGlobalSection
	GlobalSection(ProjectConfigurationPlatforms) = postSolution
		{CDC641E4-32DC-40D1-8E1D-0A012D6AAA56}.Debug|Any CPU.ActiveCfg = Debug|Any CPU
		{CDC641E4-32DC-40D1-8E1D-0A012D6AAA56}.Debug|Any CPU.Build.0 = Debug|Any CPU
		{CDC641E4-32DC-40D1-8E1D-0A012D6AAA56}.Release|Any CPU.ActiveCfg = Release|Any CPU
		{CDC641E4-32DC-40D1-8E1D-0A012D6AAA56}.Release|Any CPU.Build.0 = Release|Any CPU
	EndGlobalSection
	GlobalSection(SolutionProperties) = preSolution
		HideSolutionNode = FALSE
	EndGlobalSection
	GlobalSection(ExtensibilityGlobals) = postSolution
		SolutionGuid = {BB470693-271C-4DE2-8CC1-5EA77ED510CB}
	EndGlobalSection
EndGlobal
